{
  "name": "@lattis/updater",
  "version": "2.0.0-alpha.1",
  "lockfileVersion": 3,
  "requires": true,
  "packages": {
    "": {
      "name": "@lattis/updater",
      "version": "2.0.0-alpha.1",
      "dependencies": {
        "tuf-js": "6.0.0"
      },
      "engines": {
        "node": "^22.22.2 || ^24.15.0 || >=26.0.0"
      },
      "bin": {
        "lattis-updater": "./lattis-updater.mjs"
      },
      "license": "MIT"
    },
    "node_modules/tuf-js": {
      "version": "6.0.0",
      "resolved": "https://registry.npmjs.org/tuf-js/-/tuf-js-6.0.0.tgz",
      "integrity": "sha512-zlJVOIO68hmgo1//X4ENEcTGfuOTAtDPi8PsTsG+FyxD85E/ww1ZnwBbWo/yCEExGpI+Kilg7Z3qCdHX2BoJTQ==",
      "license": "MIT",
      "dependencies": {
        "@gar/promise-retry": "^1.0.3",
        "@tufjs/models": "5.0.0",
        "debug": "^4.4.3"
      },
      "engines": {
        "node": "^22.22.2 || ^24.15.0 || >=26.0.0"
      }
    },
    "node_modules/debug": {
      "version": "4.4.3",
      "resolved": "https://registry.npmjs.org/debug/-/debug-4.4.3.tgz",
      "integrity": "sha512-RGwwWnwQvkVfavKVt22FGLw+xYSdzARwm0ru6DhTVA3umU5hZc28V3kO4stgYryrTlLpuvgI9GiijltAjNbcqA==",
      "license": "MIT",
      "dependencies": {
        "ms": "^2.1.3"
      },
      "engines": {
        "node": ">=6.0"
      },
      "peerDependenciesMeta": {
        "supports-color": {
          "optional": true
        }
      }
    },
    "node_modules/ms": {
      "version": "2.1.3",
      "resolved": "https://registry.npmjs.org/ms/-/ms-2.1.3.tgz",
      "integrity": "sha512-6FlzubTLZG3J2a/NVCAleEhjzq5oxgHyaCU9yYXvcLsvoVaHJq/s5xXI6/XXP6tz7R9xAOtHnSO/tXtF3WRTlA==",
      "license": "MIT"
    },
    "node_modules/@tufjs/models": {
      "version": "5.0.0",
      "resolved": "https://registry.npmjs.org/@tufjs/models/-/models-5.0.0.tgz",
      "integrity": "sha512-U4mVcdFGOi6pt8n38LdWZp67Svn7ppnU1Pj8SGOVaBi1X4gm+G4ztQlLfkoJbKSHfjA6WeaiJp2A4V83AJF6nQ==",
      "license": "MIT",
      "dependencies": {
        "@tufjs/canonical-json": "2.0.0",
        "minimatch": "^10.2.1"
      },
      "engines": {
        "node": "^22.22.2 || ^24.15.0 || >=26.0.0"
      }
    },
    "node_modules/minimatch": {
      "version": "10.2.6",
      "resolved": "https://registry.npmjs.org/minimatch/-/minimatch-10.2.6.tgz",
      "integrity": "sha512-vpLQEs+VLCr1nU0BXS07maYoFwlDAH0gngQuuttxIwutDFEMHq2blX+8vpgxDdK3J1PwjCJiep77OitTZ4Ll1A==",
      "license": "BlueOak-1.0.0",
      "dependencies": {
        "brace-expansion": "^5.0.8"
      },
      "engines": {
        "node": "18 || 20 || >=22"
      },
      "funding": {
        "url": "https://github.com/sponsors/isaacs"
      }
    },
    "node_modules/brace-expansion": {
      "version": "5.0.12",
      "resolved": "https://registry.npmjs.org/brace-expansion/-/brace-expansion-5.0.12.tgz",
      "integrity": "sha512-YovQ3rzhaLMIrDjNDMkNS01tea93qhEhG5xy8f6+R0l+dw3Ki+5sCoIoI942iuLZTHWogWktgwVDhU09iNEimQ==",
      "license": "MIT",
      "dependencies": {
        "balanced-match": "^4.0.2"
      },
      "engines": {
        "node": "20 || >=22"
      }
    },
    "node_modules/balanced-match": {
      "version": "4.0.4",
      "resolved": "https://registry.npmjs.org/balanced-match/-/balanced-match-4.0.4.tgz",
      "integrity": "sha512-BLrgEcRTwX2o6gGxGOCNyMvGSp35YofuYzw9h1IMTRmKqttAZZVU67bdb9Pr2vUHA8+j3i2tJfjO6C6+4myGTA==",
      "license": "MIT",
      "engines": {
        "node": "18 || 20 || >=22"
      }
    },
    "node_modules/@tufjs/canonical-json": {
      "version": "2.0.0",
      "resolved": "https://registry.npmjs.org/@tufjs/canonical-json/-/canonical-json-2.0.0.tgz",
      "integrity": "sha512-yVtV8zsdo8qFHe+/3kw81dSLyF7D576A5cCFCi4X7B39tWT7SekaEFUnvnWJHz+9qO7qJTah1JbrDjWKqFtdWA==",
      "license": "MIT",
      "engines": {
        "node": "^16.14.0 || >=18.0.0"
      }
    },
    "node_modules/@gar/promise-retry": {
      "version": "1.0.3",
      "resolved": "https://registry.npmjs.org/@gar/promise-retry/-/promise-retry-1.0.3.tgz",
      "integrity": "sha512-GmzA9ckNokPypTg10pgpeHNQe7ph+iIKKmhKu3Ob9ANkswreCx7R3cKmY781K8QK3AqVL3xVh9A42JvIAbkkSA==",
      "license": "MIT",
      "engines": {
        "node": "^20.17.0 || >=22.9.0"
      }
    }
  }
}
